// !$*UTF8*$!
{
	archiveVersion = 1;
	classes = {
	};
	objectVersion = 46;
	objects = {

/* Begin PBXBuildFile section */
		0CC0EA531A8F0DC6002817AB /* AppDelegate.swift in Sources */ = {isa = PBXBuildFile; fileRef = 0CC0EA521A8F0DC6002817AB /* AppDelegate.swift */; };
		0CC0EA551A8F0DC6002817AB /* ViewController.swift in Sources */ = {isa = PBXBuildFile; fileRef = 0CC0EA541A8F0DC6002817AB /* ViewController.swift */; };
		0CC0EA581A8F0DC6002817AB /* Main.storyboard in Resources */ = {isa = PBXBuildFile; fileRef = 0CC0EA561A8F0DC6002817AB /* Main.storyboard */; };
		0CC0EA5A1A8F0DC6002817AB /* Images.xcassets in Resources */ = {isa = PBXBuildFile; fileRef = 0CC0EA591A8F0DC6002817AB /* Images.xcassets */; };
		0CC0EA5D1A8F0DC6002817AB /* LaunchScreen.xib in Resources */ = {isa = PBXBuildFile; fileRef = 0CC0EA5B1A8F0DC6002817AB /* LaunchScreen.xib */; };
		0CC0EA691A8F0DC6002817AB /* Learning_MapsTests.swift in Sources */ = {isa = PBXBuildFile; fileRef = 0CC0EA681A8F0DC6002817AB /* Learning_MapsTests.swift */; };
		0CC0EA731A8F0DEE002817AB /* MapKit.framework in Frameworks */ = {isa = PBXBuildFile; fileRef = 0CC0EA721A8F0DEE002817AB /* MapKit.framework */; };
		0CC0EA751A8F2551002817AB /* CoreLocation.framework in Frameworks */ = {isa = PBXBuildFile; fileRef = 0CC0EA741A8F2551002817AB /* CoreLocation.framework */; };
/* End PBXBuildFile section */

/* Begin PBXContainerItemProxy section */
		0CC0EA631A8F0DC6002817AB /* PBXContainerItemProxy */ = {
			isa = PBXContainerItemProxy;
			containerPortal = 0CC0EA451A8F0DC6002817AB /* Project object */;
			proxyType = 1;
			remoteGlobalIDString = 0CC0EA4C1A8F0DC6002817AB;
			remoteInfo = "Learning Maps";
		};
/* End PBXContainerItemProxy section */

/* Begin PBXFileReference section */
		0CC0EA4D1A8F0DC6002817AB /* Learning Maps.app */ = {isa = PBXFileReference; explicitFileType = wrapper.application; includeInIndex = 0; path = "Learning Maps.app"; sourceTree = BUILT_PRODUCTS_DIR; };
		0CC0EA511A8F0DC6002817AB /* Info.plist */ = {isa = PBXFileReference; lastKnownFileType = text.plist.xml; path = Info.plist; sourceTree = "<group>"; };
		0CC0EA521A8F0DC6002817AB /* AppDelegate.swift */ = {isa = PBXFileReference; lastKnownFileType = sourcecode.swift; path = AppDelegate.swift; sourceTree = "<group>"; };
		0CC0EA541A8F0DC6002817AB /* ViewController.swift */ = {isa = PBXFileReference; lastKnownFileType = sourcecode.swift; path = ViewController.swift; sourceTree = "<group>"; };
		0CC0EA571A8F0DC6002817AB /* Base */ = {isa = PBXFileReference; lastKnownFileType = file.storyboard; name = Base; path = Base.lproj/Main.storyboard; sourceTree = "<group>"; };
		0CC0EA591A8F0DC6002817AB /* Images.xcassets */ = {isa = PBXFileReference; lastKnownFileType = folder.assetcatalog; path = Images.xcassets; sourceTree = "<group>"; };
		0CC0EA5C1A8F0DC6002817AB /* Base */ = {isa = PBXFileReference; lastKnownFileType = file.xib; name = Base; path = Base.lproj/LaunchScreen.xib; sourceTree = "<group>"; };
		0CC0EA621A8F0DC6002817AB /* Learning MapsTests.xctest */ = {isa = PBXFileReference; explicitFileType = wrapper.cfbundle; includeInIndex = 0; path = "Learning MapsTests.xctest"; sourceTree = BUILT_PRODUCTS_DIR; };
		0CC0EA671A8F0DC6002817AB /* Info.plist */ = {isa = PBXFileReference; lastKnownFileType = text.plist.xml; path = Info.plist; sourceTree = "<group>"; };
		0CC0EA681A8F0DC6002817AB /* Learning_MapsTests.swift */ = {isa = PBXFileReference; lastKnownFileType = sourcecode.swift; path = Learning_MapsTests.swift; sourceTree = "<group>"; };
		0CC0EA721A8F0DEE002817AB /* MapKit.framework */ = {isa = PBXFileReference; lastKnownFileType = wrapper.framework; name = MapKit.framework; path = System/Library/Frameworks/MapKit.framework; sourceTree = SDKROOT; };
		0CC0EA741A8F2551002817AB /* CoreLocation.framework */ = {isa = PBXFileReference; lastKnownFileType = wrapper.framework; name = CoreLocation.framework; path = System/Library/Frameworks/CoreLocation.framework; sourceTree = SDKROOT; };
/* End PBXFileReference section */

/* Begin PBXFrameworksBuildPhase section */
		0CC0EA4A1A8F0DC6002817AB /* Frameworks */ = {
			isa = PBXFrameworksBuildPhase;
			buildActionMask = 2147483647;
			files = (
				0CC0EA751A8F2551002817AB /* CoreLocation.framework in Frameworks */,
				0CC0EA731A8F0DEE002817AB /* MapKit.framework in Frameworks */,
			);
			runOnlyForDeploymentPostprocessing = 0;
		};
		0CC0EA5F1A8F0DC6002817AB /* Frameworks */ = {
			isa = PBXFrameworksBuildPhase;
			buildActionMask = 2147483647;
			files = (
			);
			runOnlyForDeploymentPostprocessing = 0;
		};
/* End PBXFrameworksBuildPhase section */

/* Begin PBXGroup section */
		0CC0EA441A8F0DC6002817AB = {
			isa = PBXGroup;
			children = (
				0CC0EA741A8F2551002817AB /* CoreLocation.framework */,
				0CC0EA721A8F0DEE002817AB /* MapKit.framework */,
				0CC0EA4F1A8F0DC6002817AB /* Learning Maps */,
				0CC0EA651A8F0DC6002817AB /* Learning MapsTests */,
				0CC0EA4E1A8F0DC6002817AB /* Products */,
			);
			sourceTree = "<group>";
		};
		0CC0EA4E1A8F0DC6002817AB /* Products */ = {
			isa = PBXGroup;
			children = (
				0CC0EA4D1A8F0DC6002817AB /* Learning Maps.app */,
				0CC0EA621A8F0DC6002817AB /* Learning MapsTests.xctest */,
			);
			name = Products;
			sourceTree = "<group>";
		};
		0CC0EA4F1A8F0DC6002817AB /* Learning Maps */ = {
			isa = PBXGroup;
			children = (
				0CC0EA521A8F0DC6002817AB /* AppDelegate.swift */,
				0CC0EA541A8F0DC6002817AB /* ViewController.swift */,
				0CC0EA561A8F0DC6002817AB /* Main.storyboard */,
				0CC0EA591A8F0DC6002817AB /* Images.xcassets */,
				0CC0EA5B1A8F0DC6002817AB /* LaunchScreen.xib */,
				0CC0EA501A8F0DC6002817AB /* Supporting Files */,
			);
			path = "Learning Maps";
			sourceTree = "<group>";
		};
		0CC0EA501A8F0DC6002817AB /* Supporting Files */ = {
			isa = PBXGroup;
			children = (
				0CC0EA511A8F0DC6002817AB /* Info.plist */,
			);
			name = "Supporting Files";
			sourceTree = "<group>";
		};
		0CC0EA651A8F0DC6002817AB /* Learning MapsTests */ = {
			isa = PBXGroup;
			children = (
				0CC0EA681A8F0DC6002817AB /* Learning_MapsTests.swift */,
				0CC0EA661A8F0DC6002817AB /* Supporting Files */,
			);
			path = "Learning MapsTests";
			sourceTree = "<group>";
		};
		0CC0EA661A8F0DC6002817AB /* Supporting Files */ = {
			isa = PBXGroup;
			children = (
				0CC0EA671A8F0DC6002817AB /* Info.plist */,
			);
			name = "Supporting Files";
			sourceTree = "<group>";
		};
/* End PBXGroup section */

/* Begin PBXNativeTarget section */
		0CC0EA4C1A8F0DC6002817AB /* Learning Maps */ = {
			isa = PBXNativeTarget;
			buildConfigurationList = 0CC0EA6C1A8F0DC6002817AB /* Build configuration list for PBXNativeTarget "Learning Maps" */;
			buildPhases = (
				0CC0EA491A8F0DC6002817AB /* Sources */,
				0CC0EA4A1A8F0DC6002817AB /* Frameworks */,
				0CC0EA4B1A8F0DC6002817AB /* Resources */,
			);
			buildRules = (
			);
			dependencies = (
			);
			name = "Learning Maps";
			productName = "Learning Maps";
			productReference = 0CC0EA4D1A8F0DC6002817AB /* Learning Maps.app */;
			productType = "com.apple.product-type.application";
		};
		0CC0EA611A8F0DC6002817AB /* Learning MapsTests */ = {
			isa = PBXNativeTarget;
			buildConfigurationList = 0CC0EA6F1A8F0DC6002817AB /* Build configuration list for PBXNativeTarget "Learning MapsTests" */;
			buildPhases = (
				0CC0EA5E1A8F0DC6002817AB /* Sources */,
				0CC0EA5F1A8F0DC6002817AB /* Frameworks */,
				0CC0EA601A8F0DC6002817AB /* Resources */,
			);
			buildRules = (
			);
			dependencies = (
				0CC0EA641A8F0DC6002817AB /* PBXTargetDependency */,
			);
			name = "Learning MapsTests";
			productName = "Learning MapsTests";
			productReference = 0CC0EA621A8F0DC6002817AB /* Learning MapsTests.xctest */;
			productType = "com.apple.product-type.bundle.unit-test";
		};
/* End PBXNativeTarget section */

/* Begin PBXProject section */
		0CC0EA451A8F0DC6002817AB /* Project object */ = {
			isa = PBXProject;
			attributes = {
				LastUpgradeCheck = 0610;
				ORGANIZATIONNAME = "P&L Studios";
				TargetAttributes = {
					0CC0EA4C1A8F0DC6002817AB = {
						CreatedOnToolsVersion = 6.1.1;
					};
					0CC0EA611A8F0DC6002817AB = {
						CreatedOnToolsVersion = 6.1.1;
						TestTargetID = 0CC0EA4C1A8F0DC6002817AB;
					};
				};
			};
			buildConfigurationList = 0CC0EA481A8F0DC6002817AB /* Build configuration list for PBXProject "Learning Maps" */;
			compatibilityVersion = "Xcode 3.2";
			developmentRegion = English;
			hasScannedForEncodings = 0;
			knownRegions = (
				en,
				Base,
			);
			mainGroup = 0CC0EA441A8F0DC6002817AB;
			productRefGroup = 0CC0EA4E1A8F0DC6002817AB /* Products */;
			projectDirPath = "";
			projectRoot = "";
			targets = (
				0CC0EA4C1A8F0DC6002817AB /* Learning Maps */,
				0CC0EA611A8F0DC6002817AB /* Learning MapsTests */,
			);
		};
/* End PBXProject section */

/* Begin PBXResourcesBuildPhase section */
		0CC0EA4B1A8F0DC6002817AB /* Resources */ = {
			isa = PBXResourcesBuildPhase;
			buildActionMask = 2147483647;
			files = (
				0CC0EA581A8F0DC6002817AB /* Main.storyboard in Resources */,
				0CC0EA5D1A8F0DC6002817AB /* LaunchScreen.xib in Resources */,
				0CC0EA5A1A8F0DC6002817AB /* Images.xcassets in Resources */,
			);
			runOnlyForDeploymentPostprocessing = 0;
		};
		0CC0EA601A8F0DC6002817AB /* Resources */ = {
			isa = PBXResourcesBuildPhase;
			buildActionMask = 2147483647;
			files = (
			);
			runOnlyForDeploymentPostprocessing = 0;
		};
/* End PBXResourcesBuildPhase section */

/* Begin PBXSourcesBuildPhase section */
		0CC0EA491A8F0DC6002817AB /* Sources */ = {
			isa = PBXSourcesBuildPhase;
			buildActionMask = 2147483647;
			files = (
				0CC0EA551A8F0DC6002817AB /* ViewController.swift in Sources */,
				0CC0EA531A8F0DC6002817AB /* AppDelegate.swift in Sources */,
			);
			runOnlyForDeploymentPostprocessing = 0;
		};
		0CC0EA5E1A8F0DC6002817AB /* Sources */ = {
			isa = PBXSourcesBuildPhase;
			buildActionMask = 2147483647;
			files = (
				0CC0EA691A8F0DC6002817AB /* Learning_MapsTests.swift in Sources */,
			);
			runOnlyForDeploymentPostprocessing = 0;
		};
/* End PBXSourcesBuildPhase section */

/* Begin PBXTargetDependency section */
		0CC0EA641A8F0DC6002817AB /* PBXTargetDependency */ = {
			isa = PBXTargetDependency;
			target = 0CC0EA4C1A8F0DC6002817AB /* Learning Maps */;
			targetProxy = 0CC0EA631A8F0DC6002817AB /* PBXContainerItemProxy */;
		};
/* End PBXTargetDependency section */

/* Begin PBXVariantGroup section */
		0CC0EA561A8F0DC6002817AB /* Main.storyboard */ = {
			isa = PBXVariantGroup;
			children = (
				0CC0EA571A8F0DC6002817AB /* Base */,
			);
			name = Main.storyboard;
			sourceTree = "<group>";
		};
		0CC0EA5B1A8F0DC6002817AB /* LaunchScreen.xib */ = {
			isa = PBXVariantGroup;
			children = (
				0CC0EA5C1A8F0DC6002817AB /* Base */,
			);
			name = LaunchScreen.xib;
			sourceTree = "<group>";
		};
/* End PBXVariantGroup section */

/* Begin XCBuildConfiguration section */
		0CC0EA6A1A8F0DC6002817AB /* Debug */ = {
			isa = XCBuildConfiguration;
			buildSettings = {
				ALWAYS_SEARCH_USER_PATHS = NO;
				CLANG_CXX_LANGUAGE_STANDARD = "gnu++0x";
				CLANG_CXX_LIBRARY = "libc++";
				CLANG_ENABLE_MODULES = YES;
				CLANG_ENABLE_OBJC_ARC = YES;
				CLANG_WARN_BOOL_CONVERSION = YES;
				CLANG_WARN_CONSTANT_CONVERSION = YES;
				CLANG_WARN_DIRECT_OBJC_ISA_USAGE = YES_ERROR;
				CLANG_WARN_EMPTY_BODY = YES;
				CLANG_WARN_ENUM_CONVERSION = YES;
				CLANG_WARN_INT_CONVERSION = YES;
				CLANG_WARN_OBJC_ROOT_CLASS = YES_ERROR;
				CLANG_WARN_UNREACHABLE_CODE = YES;
				CLANG_WARN__DUPLICATE_METHOD_MATCH = YES;
				"CODE_SIGN_IDENTITY[sdk=iphoneos*]" = "iPhone Developer";
				COPY_PHASE_STRIP = NO;
				ENABLE_STRICT_OBJC_MSGSEND = YES;
				GCC_C_LANGUAGE_STANDARD = gnu99;
				GCC_DYNAMIC_NO_PIC = NO;
				GCC_OPTIMIZATION_LEVEL = 0;
				GCC_PREPROCESSOR_DEFINITIONS = (
					"DEBUG=1",
					"$(inherited)",
				);
				GCC_SYMBOLS_PRIVATE_EXTERN = NO;
				GCC_WARN_64_TO_32_BIT_CONVERSION = YES;
				GCC_WARN_ABOUT_RETURN_TYPE = YES_ERROR;
				GCC_WARN_UNDECLARED_SELECTOR = YES;
				GCC_WARN_UNINITIALIZED_AUTOS = YES_AGGRESSIVE;
				GCC_WARN_UNUSED_FUNCTION = YES;
				GCC_WARN_UNUSED_VARIABLE = YES;
				IPHONEOS_DEPLOYMENT_TARGET = 8.1;
				MTL_ENABLE_DEBUG_INFO = YES;
				ONLY_ACTIVE_ARCH = YES;
				SDKROOT = iphoneos;
				SWIFT_OPTIMIZATION_LEVEL = "-Onone";
			};
			name = Debug;
		};
		0CC0EA6B1A8F0DC6002817AB /* Release */ = {
			isa = XCBuildConfiguration;
			buildSettings = {
				ALWAYS_SEARCH_USER_PATHS = NO;
				CLANG_CXX_LANGUAGE_STANDARD = "gnu++0x";
				CLANG_CXX_LIBRARY = "libc++";
				CLANG_ENABLE_MODULES = YES;
				CLANG_ENABLE_OBJC_ARC = YES;
				CLANG_WARN_BOOL_CONVERSION = YES;
				CLANG_WARN_CONSTANT_CONVERSION = YES;
				CLANG_WARN_DIRECT_OBJC_ISA_USAGE = YES_ERROR;
				CLANG_WARN_EMPTY_BODY = YES;
				CLANG_WARN_ENUM_CONVERSION = YES;
				CLANG_WARN_INT_CONVERSION = YES;
				CLANG_WARN_OBJC_ROOT_CLASS = YES_ERROR;
				CLANG_WARN_UNREACHABLE_CODE = YES;
				CLANG_WARN__DUPLICATE_METHOD_MATCH = YES;
				"CODE_SIGN_IDENTITY[sdk=iphoneos*]" = "iPhone Developer";
				COPY_PHASE_STRIP = YES;
				ENABLE_NS_ASSERTIONS = NO;
				ENABLE_STRICT_OBJC_MSGSEND = YES;
				GCC_C_LANGUAGE_STANDARD = gnu99;
				GCC_WARN_64_TO_32_BIT_CONVERSION = YES;
				GCC_WARN_ABOUT_RETURN_TYPE = YES_ERROR;
				GCC_WARN_UNDECLARED_SELECTOR = YES;
				GCC_WARN_UNINITIALIZED_AUTOS = YES_AGGRESSIVE;
				GCC_WARN_UNUSED_FUNCTION = YES;
				GCC_WARN_UNUSED_VARIABLE = YES;
				IPHONEOS_DEPLOYMENT_TARGET = 8.1;
				MTL_ENABLE_DEBUG_INFO = NO;
				SDKROOT = iphoneos;
				VALIDATE_PRODUCT = YES;
			};
			name = Release;
		};
		0CC0EA6D1A8F0DC6002817AB /* Debug */ = {
			isa = XCBuildConfiguration;
			buildSettings = {
				ASSETCATALOG_COMPILER_APPICON_NAME = AppIcon;
				INFOPLIST_FILE = "Learning Maps/Info.plist";
				LD_RUNPATH_SEARCH_PATHS = "$(inherited) @executable_path/Frameworks";
				PRODUCT_NAME = "$(TARGET_NAME)";
			};
			name = Debug;
		};
		0CC0EA6E1A8F0DC6002817AB /* Release */ = {
			isa = XCBuildConfiguration;
			buildSettings = {
				ASSETCATALOG_COMPILER_APPICON_NAME = AppIcon;
				INFOPLIST_FILE = "Learning Maps/Info.plist";
				LD_RUNPATH_SEARCH_PATHS = "$(inherited) @executable_path/Frameworks";
				PRODUCT_NAME = "$(TARGET_NAME)";
			};
			name = Release;
		};
		0CC0EA701A8F0DC6002817AB /* Debug */ = {
			isa = XCBuildConfiguration;
			buildSettings = {
				BUNDLE_LOADER = "$(TEST_HOST)";
				FRAMEWORK_SEARCH_PATHS = (
					"$(SDKROOT)/Developer/Library/Frameworks",
					"$(inherited)",
				);
				GCC_PREPROCESSOR_DEFINITIONS = (
					"DEBUG=1",
					"$(inherited)",
				);
				INFOPLIST_FILE = "Learning MapsTests/Info.plist";
				LD_RUNPATH_SEARCH_PATHS = "$(inherited) @executable_path/Frameworks @loader_path/Frameworks";
				PRODUCT_NAME = "$(TARGET_NAME)";
				TEST_HOST = "$(BUILT_PRODUCTS_DIR)/Learning Maps.app/Learning Maps";
			};
			name = Debug;
		};
		0CC0EA711A8F0DC6002817AB /* Release */ = {
			isa = XCBuildConfiguration;
			buildSettings = {
				BUNDLE_LOADER = "$(TEST_HOST)";
				FRAMEWORK_SEARCH_PATHS = (
					"$(SDKROOT)/Developer/Library/Frameworks",
					"$(inherited)",
				);
				INFOPLIST_FILE = "Learning MapsTests/Info.plist";
				LD_RUNPATH_SEARCH_PATHS = "$(inherited) @executable_path/Frameworks @loader_path/Frameworks";
				PRODUCT_NAME = "$(TARGET_NAME)";
				TEST_HOST = "$(BUILT_PRODUCTS_DIR)/Learning Maps.app/Learning Maps";
			};
			name = Release;
		};
/* End XCBuildConfiguration section */

/* Begin XCConfigurationList section */
		0CC0EA481A8F0DC6002817AB /* Build configuration list for PBXProject "Learning Maps" */ = {
			isa = XCConfigurationList;
			buildConfigurations = (
				0CC0EA6A1A8F0DC6002817AB /* Debug */,
				0CC0EA6B1A8F0DC6002817AB /* Release */,
			);
			defaultConfigurationIsVisible = 0;
			defaultConfigurationName = Release;
		};
		0CC0EA6C1A8F0DC6002817AB /* Build configuration list for PBXNativeTarget "Learning Maps" */ = {
			isa = XCConfigurationList;
			buildConfigurations = (
				0CC0EA6D1A8F0DC6002817AB /* Debug */,
				0CC0EA6E1A8F0DC6002817AB /* Release */,
			);
			defaultConfigurationIsVisible = 0;
		};
		0CC0EA6F1A8F0DC6002817AB /* Build configuration list for PBXNativeTarget "Learning MapsTests" */ = {
			isa = XCConfigurationList;
			buildConfigurations = (
				0CC0EA701A8F0DC6002817AB /* Debug */,
				0CC0EA711A8F0DC6002817AB /* Release */,
			);
			defaultConfigurationIsVisible = 0;
		};
/* End XCConfigurationList section */
	};
	rootObject = 0CC0EA451A8F0DC6002817AB /* Project object */;
}
